
Microsoft Visual Studio Solution File, Format Version 12.00
# Visual Studio Version 16
VisualStudioVersion = 16.0.28721.148
MinimumVisualStudioVersion = 10.0.40219.1
Project("{FAE04EC0-301F-11D3-BF4B-00C04F79EFBC}") = "Pastebin Scraper", "Pastebin Scraper\Pastebin Scraper.csproj", "{A39F05E9-7A19-4478-991B-1ED7848784E4}"
EndProject
Global
	GlobalSection(SolutionConfigurationPlatforms) = preSolution
		Debug|Any CPU = Debug|Any CPU
		Release|Any CPU = Release|Any CPU
	EndGlobalSection
	GlobalSection(ProjectConfigurationPlatforms) = postSolution
		{A39F05E9-7A19-4478-991B-1ED7848784E4}.Debug|Any CPU.ActiveCfg = Debug|Any CPU
		{A39F05E9-7A19-4478-991B-1ED7848784E4}.Debug|Any CPU.Build.0 = Debug|Any CPU
		{A39F05E9-7A19-4478-991B-1ED7848784E4}.Release|Any CPU.ActiveCfg = Release|Any CPU
		{A39F05E9-7A19-4478-991B-1ED7848784E4}.Release|Any CPU.Build.0 = Release|Any CPU
	EndGlobalSection
	GlobalSection(SolutionProperties) = preSolution
		HideSolutionNode = FALSE
	EndGlobalSection
	GlobalSection(ExtensibilityGlobals) = postSolution
		SolutionGuid = {CCAA634A-18FD-4FB6-92CF-00077599714B}
	EndGlobalSection
EndGlobal
